
Microsoft Visual Studio Solution File, Format Version 12.00
# Visual Studio Version 17
VisualStudioVersion = 17.5.33516.290
MinimumVisualStudioVersion = 10.0.40219.1
Project("{FAE04EC0-301F-11D3-BF4B-00C04F79EFBC}") = "ToString", "ToString\ToString.csproj", "{568244F9-E488-4C71-94C0-EFE74AD55DB8}"
EndProject
Global
	GlobalSection(SolutionConfigurationPlatforms) = preSolution
		Debug|Any CPU = Debug|Any CPU
		Release|Any CPU = Release|Any CPU
	EndGlobalSection
	GlobalSection(ProjectConfigurationPlatforms) = postSolution
		{568244F9-E488-4C71-94C0-EFE74AD55DB8}.Debug|Any CPU.ActiveCfg = Debug|Any CPU
		{568244F9-E488-4C71-94C0-EFE74AD55DB8}.Debug|Any CPU.Build.0 = Debug|Any CPU
		{568244F9-E488-4C71-94C0-EFE74AD55DB8}.Release|Any CPU.ActiveCfg = Release|Any CPU
		{568244F9-E488-4C71-94C0-EFE74AD55DB8}.Release|Any CPU.Build.0 = Release|Any CPU
	EndGlobalSection
	GlobalSection(SolutionProperties) = preSolution
		HideSolutionNode = FALSE
	EndGlobalSection
	GlobalSection(ExtensibilityGlobals) = postSolution
		SolutionGuid = {4A290EB2-8324-4FE2-A0C4-AE1F3A64D1B5}
	EndGlobalSection
EndGlobal
